
Microsoft Visual Studio Solution File, Format Version 12.00
# Visual Studio Version 17
VisualStudioVersion = 17.9.34714.143
MinimumVisualStudioVersion = 10.0.40219.1
Project("{FAE04EC0-301F-11D3-BF4B-00C04F79EFBC}") = "clase16DeMayo", "clase16DeMayo\clase16DeMayo.csproj", "{4AF134B9-4982-4C6B-A4AB-7AF70DCE0CE4}"
EndProject
Global
	GlobalSection(SolutionConfigurationPlatforms) = preSolution
		Debug|Any CPU = Debug|Any CPU
		Release|Any CPU = Release|Any CPU
	EndGlobalSection
	GlobalSection(ProjectConfigurationPlatforms) = postSolution
		{4AF134B9-4982-4C6B-A4AB-7AF70DCE0CE4}.Debug|Any CPU.ActiveCfg = Debug|Any CPU
		{4AF134B9-4982-4C6B-A4AB-7AF70DCE0CE4}.Debug|Any CPU.Build.0 = Debug|Any CPU
		{4AF134B9-4982-4C6B-A4AB-7AF70DCE0CE4}.Release|Any CPU.ActiveCfg = Release|Any CPU
		{4AF134B9-4982-4C6B-A4AB-7AF70DCE0CE4}.Release|Any CPU.Build.0 = Release|Any CPU
	EndGlobalSection
	GlobalSection(SolutionProperties) = preSolution
		HideSolutionNode = FALSE
	EndGlobalSection
	GlobalSection(ExtensibilityGlobals) = postSolution
		SolutionGuid = {EB764206-7963-418A-A55A-4D9AC81DB961}
	EndGlobalSection
EndGlobal
