
Microsoft Visual Studio Solution File, Format Version 12.00
# Visual Studio Version 17
VisualStudioVersion = 17.10.34928.147
MinimumVisualStudioVersion = 10.0.40219.1
Project("{FAE04EC0-301F-11D3-BF4B-00C04F79EFBC}") = "ejer4", "ejer4\ejer4.csproj", "{4534F670-08C0-4879-B413-D4FF903FC5E6}"
EndProject
Global
	GlobalSection(SolutionConfigurationPlatforms) = preSolution
		Debug|Any CPU = Debug|Any CPU
		Release|Any CPU = Release|Any CPU
	EndGlobalSection
	GlobalSection(ProjectConfigurationPlatforms) = postSolution
		{4534F670-08C0-4879-B413-D4FF903FC5E6}.Debug|Any CPU.ActiveCfg = Debug|Any CPU
		{4534F670-08C0-4879-B413-D4FF903FC5E6}.Debug|Any CPU.Build.0 = Debug|Any CPU
		{4534F670-08C0-4879-B413-D4FF903FC5E6}.Release|Any CPU.ActiveCfg = Release|Any CPU
		{4534F670-08C0-4879-B413-D4FF903FC5E6}.Release|Any CPU.Build.0 = Release|Any CPU
	EndGlobalSection
	GlobalSection(SolutionProperties) = preSolution
		HideSolutionNode = FALSE
	EndGlobalSection
	GlobalSection(ExtensibilityGlobals) = postSolution
		SolutionGuid = {A1080196-E199-499D-9697-D9EA933F637D}
	EndGlobalSection
EndGlobal
