
Microsoft Visual Studio Solution File, Format Version 12.00
# Visual Studio Version 17
VisualStudioVersion = 17.10.34928.147
MinimumVisualStudioVersion = 10.0.40219.1
Project("{FAE04EC0-301F-11D3-BF4B-00C04F79EFBC}") = "ejer18", "ejer18\ejer18.csproj", "{C8C4D121-B3FE-4ADA-901B-0BDD69724B94}"
EndProject
Global
	GlobalSection(SolutionConfigurationPlatforms) = preSolution
		Debug|Any CPU = Debug|Any CPU
		Release|Any CPU = Release|Any CPU
	EndGlobalSection
	GlobalSection(ProjectConfigurationPlatforms) = postSolution
		{C8C4D121-B3FE-4ADA-901B-0BDD69724B94}.Debug|Any CPU.ActiveCfg = Debug|Any CPU
		{C8C4D121-B3FE-4ADA-901B-0BDD69724B94}.Debug|Any CPU.Build.0 = Debug|Any CPU
		{C8C4D121-B3FE-4ADA-901B-0BDD69724B94}.Release|Any CPU.ActiveCfg = Release|Any CPU
		{C8C4D121-B3FE-4ADA-901B-0BDD69724B94}.Release|Any CPU.Build.0 = Release|Any CPU
	EndGlobalSection
	GlobalSection(SolutionProperties) = preSolution
		HideSolutionNode = FALSE
	EndGlobalSection
	GlobalSection(ExtensibilityGlobals) = postSolution
		SolutionGuid = {64CC2ECC-1CDA-473D-8426-15F6ADFB8059}
	EndGlobalSection
EndGlobal
