
Microsoft Visual Studio Solution File, Format Version 12.00
# Visual Studio Version 17
VisualStudioVersion = 17.10.35122.118
MinimumVisualStudioVersion = 10.0.40219.1
Project("{FAE04EC0-301F-11D3-BF4B-00C04F79EFBC}") = "reproductorMusica", "reproductorMusica\reproductorMusica.csproj", "{D6DC005B-287F-4134-86A5-F626BD47CB1C}"
EndProject
Global
	GlobalSection(SolutionConfigurationPlatforms) = preSolution
		Debug|Any CPU = Debug|Any CPU
		Release|Any CPU = Release|Any CPU
	EndGlobalSection
	GlobalSection(ProjectConfigurationPlatforms) = postSolution
		{D6DC005B-287F-4134-86A5-F626BD47CB1C}.Debug|Any CPU.ActiveCfg = Debug|Any CPU
		{D6DC005B-287F-4134-86A5-F626BD47CB1C}.Debug|Any CPU.Build.0 = Debug|Any CPU
		{D6DC005B-287F-4134-86A5-F626BD47CB1C}.Release|Any CPU.ActiveCfg = Release|Any CPU
		{D6DC005B-287F-4134-86A5-F626BD47CB1C}.Release|Any CPU.Build.0 = Release|Any CPU
	EndGlobalSection
	GlobalSection(SolutionProperties) = preSolution
		HideSolutionNode = FALSE
	EndGlobalSection
	GlobalSection(ExtensibilityGlobals) = postSolution
		SolutionGuid = {B9009C6E-CFDD-4036-93BC-AF24A30C29C3}
	EndGlobalSection
EndGlobal
