
Microsoft Visual Studio Solution File, Format Version 12.00
# Visual Studio Version 17
VisualStudioVersion = 17.9.34714.143
MinimumVisualStudioVersion = 10.0.40219.1
Project("{FAE04EC0-301F-11D3-BF4B-00C04F79EFBC}") = "forVSforeach", "forVSforeach\forVSforeach.csproj", "{B5EC86C0-9172-4106-A324-169B674D7FAC}"
EndProject
Global
	GlobalSection(SolutionConfigurationPlatforms) = preSolution
		Debug|Any CPU = Debug|Any CPU
		Release|Any CPU = Release|Any CPU
	EndGlobalSection
	GlobalSection(ProjectConfigurationPlatforms) = postSolution
		{B5EC86C0-9172-4106-A324-169B674D7FAC}.Debug|Any CPU.ActiveCfg = Debug|Any CPU
		{B5EC86C0-9172-4106-A324-169B674D7FAC}.Debug|Any CPU.Build.0 = Debug|Any CPU
		{B5EC86C0-9172-4106-A324-169B674D7FAC}.Release|Any CPU.ActiveCfg = Release|Any CPU
		{B5EC86C0-9172-4106-A324-169B674D7FAC}.Release|Any CPU.Build.0 = Release|Any CPU
	EndGlobalSection
	GlobalSection(SolutionProperties) = preSolution
		HideSolutionNode = FALSE
	EndGlobalSection
	GlobalSection(ExtensibilityGlobals) = postSolution
		SolutionGuid = {9F989560-261E-45EB-8B1D-20AEAA213DA6}
	EndGlobalSection
EndGlobal
